
Microsoft Visual Studio Solution File, Format Version 12.00
# Visual Studio Version 17
VisualStudioVersion = 17.14.36121.58 d17.14
MinimumVisualStudioVersion = 10.0.40219.1
Project("{FAE04EC0-301F-11D3-BF4B-00C04F79EFBC}") = "Ejercicio 5", "Ejercicio 5\Ejercicio 5.csproj", "{0317C0FE-C1FD-4006-B540-8914B030CACC}"
EndProject
Global
	GlobalSection(SolutionConfigurationPlatforms) = preSolution
		Debug|Any CPU = Debug|Any CPU
		Release|Any CPU = Release|Any CPU
	EndGlobalSection
	GlobalSection(ProjectConfigurationPlatforms) = postSolution
		{0317C0FE-C1FD-4006-B540-8914B030CACC}.Debug|Any CPU.ActiveCfg = Debug|Any CPU
		{0317C0FE-C1FD-4006-B540-8914B030CACC}.Debug|Any CPU.Build.0 = Debug|Any CPU
		{0317C0FE-C1FD-4006-B540-8914B030CACC}.Release|Any CPU.ActiveCfg = Release|Any CPU
		{0317C0FE-C1FD-4006-B540-8914B030CACC}.Release|Any CPU.Build.0 = Release|Any CPU
	EndGlobalSection
	GlobalSection(SolutionProperties) = preSolution
		HideSolutionNode = FALSE
	EndGlobalSection
	GlobalSection(ExtensibilityGlobals) = postSolution
		SolutionGuid = {4559DA41-C604-473F-BB22-A458B877A333}
	EndGlobalSection
EndGlobal
