
Microsoft Visual Studio Solution File, Format Version 12.00
# Visual Studio Version 17
VisualStudioVersion = 17.14.36121.58 d17.14
MinimumVisualStudioVersion = 10.0.40219.1
Project("{FAE04EC0-301F-11D3-BF4B-00C04F79EFBC}") = "Ejemplo 3. Con Vector", "Ejemplo 3. Con Vector\Ejemplo 3. Con Vector.csproj", "{BD9D6550-D21A-4AA2-9CFA-78A90ECFB0F4}"
EndProject
Global
	GlobalSection(SolutionConfigurationPlatforms) = preSolution
		Debug|Any CPU = Debug|Any CPU
		Release|Any CPU = Release|Any CPU
	EndGlobalSection
	GlobalSection(ProjectConfigurationPlatforms) = postSolution
		{BD9D6550-D21A-4AA2-9CFA-78A90ECFB0F4}.Debug|Any CPU.ActiveCfg = Debug|Any CPU
		{BD9D6550-D21A-4AA2-9CFA-78A90ECFB0F4}.Debug|Any CPU.Build.0 = Debug|Any CPU
		{BD9D6550-D21A-4AA2-9CFA-78A90ECFB0F4}.Release|Any CPU.ActiveCfg = Release|Any CPU
		{BD9D6550-D21A-4AA2-9CFA-78A90ECFB0F4}.Release|Any CPU.Build.0 = Release|Any CPU
	EndGlobalSection
	GlobalSection(SolutionProperties) = preSolution
		HideSolutionNode = FALSE
	EndGlobalSection
	GlobalSection(ExtensibilityGlobals) = postSolution
		SolutionGuid = {30194E85-15E4-47AB-B90D-1AB0DF8A0F45}
	EndGlobalSection
EndGlobal
